
Microsoft Visual Studio Solution File, Format Version 12.00
# Visual Studio 15
VisualStudioVersion = 15.0.28010.2036
MinimumVisualStudioVersion = 10.0.40219.1
Project("{FAE04EC0-301F-11D3-BF4B-00C04F79EFBC}") = "WMSApi", "WMSApi\WMSApi.csproj", "{A2630A9F-BB89-4642-8E27-D0A87EF69C2C}"
EndProject
Global
	GlobalSection(SolutionConfigurationPlatforms) = preSolution
		Debug|Any CPU = Debug|Any CPU
		Release|Any CPU = Release|Any CPU
	EndGlobalSection
	GlobalSection(ProjectConfigurationPlatforms) = postSolution
		{A2630A9F-BB89-4642-8E27-D0A87EF69C2C}.Debug|Any CPU.ActiveCfg = Debug|Any CPU
		{A2630A9F-BB89-4642-8E27-D0A87EF69C2C}.Debug|Any CPU.Build.0 = Debug|Any CPU
		{A2630A9F-BB89-4642-8E27-D0A87EF69C2C}.Release|Any CPU.ActiveCfg = Release|Any CPU
		{A2630A9F-BB89-4642-8E27-D0A87EF69C2C}.Release|Any CPU.Build.0 = Release|Any CPU
	EndGlobalSection
	GlobalSection(SolutionProperties) = preSolution
		HideSolutionNode = FALSE
	EndGlobalSection
	GlobalSection(ExtensibilityGlobals) = postSolution
		SolutionGuid = {CF3A5E6A-608C-411D-B486-947CFC27E8BD}
	EndGlobalSection
EndGlobal
